
Microsoft Visual Studio Solution File, Format Version 12.00
# Visual Studio Version 16
VisualStudioVersion = 16.0.28803.202
MinimumVisualStudioVersion = 10.0.40219.1
Project("{FAE04EC0-301F-11D3-BF4B-00C04F79EFBC}") = "OOP9", "OOP9\OOP9.csproj", "{C22C55A2-17A4-4A5C-B6B0-F8AC3F750495}"
EndProject
Global
	GlobalSection(SolutionConfigurationPlatforms) = preSolution
		Debug|Any CPU = Debug|Any CPU
		Release|Any CPU = Release|Any CPU
	EndGlobalSection
	GlobalSection(ProjectConfigurationPlatforms) = postSolution
		{C22C55A2-17A4-4A5C-B6B0-F8AC3F750495}.Debug|Any CPU.ActiveCfg = Debug|Any CPU
		{C22C55A2-17A4-4A5C-B6B0-F8AC3F750495}.Debug|Any CPU.Build.0 = Debug|Any CPU
		{C22C55A2-17A4-4A5C-B6B0-F8AC3F750495}.Release|Any CPU.ActiveCfg = Release|Any CPU
		{C22C55A2-17A4-4A5C-B6B0-F8AC3F750495}.Release|Any CPU.Build.0 = Release|Any CPU
	EndGlobalSection
	GlobalSection(SolutionProperties) = preSolution
		HideSolutionNode = FALSE
	EndGlobalSection
	GlobalSection(ExtensibilityGlobals) = postSolution
		SolutionGuid = {5D47318B-263F-4779-B287-D973905CF65F}
	EndGlobalSection
EndGlobal
