
Microsoft Visual Studio Solution File, Format Version 12.00
# Visual Studio Version 16
VisualStudioVersion = 16.0.28729.10
MinimumVisualStudioVersion = 10.0.40219.1
Project("{FAE04EC0-301F-11D3-BF4B-00C04F79EFBC}") = "OOP7", "OOP7\OOP7.csproj", "{114D9C5B-7053-4AD8-9363-E7ED3D3886A1}"
EndProject
Global
	GlobalSection(SolutionConfigurationPlatforms) = preSolution
		Debug|Any CPU = Debug|Any CPU
		Release|Any CPU = Release|Any CPU
	EndGlobalSection
	GlobalSection(ProjectConfigurationPlatforms) = postSolution
		{114D9C5B-7053-4AD8-9363-E7ED3D3886A1}.Debug|Any CPU.ActiveCfg = Debug|Any CPU
		{114D9C5B-7053-4AD8-9363-E7ED3D3886A1}.Debug|Any CPU.Build.0 = Debug|Any CPU
		{114D9C5B-7053-4AD8-9363-E7ED3D3886A1}.Release|Any CPU.ActiveCfg = Release|Any CPU
		{114D9C5B-7053-4AD8-9363-E7ED3D3886A1}.Release|Any CPU.Build.0 = Release|Any CPU
	EndGlobalSection
	GlobalSection(SolutionProperties) = preSolution
		HideSolutionNode = FALSE
	EndGlobalSection
	GlobalSection(ExtensibilityGlobals) = postSolution
		SolutionGuid = {B8540A26-0B39-4C82-BAE1-101672CDFC85}
	EndGlobalSection
EndGlobal
