
Microsoft Visual Studio Solution File, Format Version 12.00
# Visual Studio Version 16
VisualStudioVersion = 16.0.28803.202
MinimumVisualStudioVersion = 10.0.40219.1
Project("{FAE04EC0-301F-11D3-BF4B-00C04F79EFBC}") = "OOP13", "OOP13\OOP13.csproj", "{31C82DD2-8295-4D96-AC0B-AF01D0CE857C}"
EndProject
Global
	GlobalSection(SolutionConfigurationPlatforms) = preSolution
		Debug|Any CPU = Debug|Any CPU
		Release|Any CPU = Release|Any CPU
	EndGlobalSection
	GlobalSection(ProjectConfigurationPlatforms) = postSolution
		{31C82DD2-8295-4D96-AC0B-AF01D0CE857C}.Debug|Any CPU.ActiveCfg = Debug|Any CPU
		{31C82DD2-8295-4D96-AC0B-AF01D0CE857C}.Debug|Any CPU.Build.0 = Debug|Any CPU
		{31C82DD2-8295-4D96-AC0B-AF01D0CE857C}.Release|Any CPU.ActiveCfg = Release|Any CPU
		{31C82DD2-8295-4D96-AC0B-AF01D0CE857C}.Release|Any CPU.Build.0 = Release|Any CPU
	EndGlobalSection
	GlobalSection(SolutionProperties) = preSolution
		HideSolutionNode = FALSE
	EndGlobalSection
	GlobalSection(ExtensibilityGlobals) = postSolution
		SolutionGuid = {3C489DFB-89F1-420E-B0E4-32C6C3FA50C0}
	EndGlobalSection
EndGlobal
