
Microsoft Visual Studio Solution File, Format Version 12.00
# Visual Studio 15
VisualStudioVersion = 15.0.27703.2035
MinimumVisualStudioVersion = 10.0.40219.1
Project("{FAE04EC0-301F-11D3-BF4B-00C04F79EFBC}") = "OOP2", "OOP2\OOP2.csproj", "{30D33D96-1859-4A14-BCC9-A5F9F4E25011}"
EndProject
Global
	GlobalSection(SolutionConfigurationPlatforms) = preSolution
		Debug|Any CPU = Debug|Any CPU
		Release|Any CPU = Release|Any CPU
	EndGlobalSection
	GlobalSection(ProjectConfigurationPlatforms) = postSolution
		{30D33D96-1859-4A14-BCC9-A5F9F4E25011}.Debug|Any CPU.ActiveCfg = Debug|Any CPU
		{30D33D96-1859-4A14-BCC9-A5F9F4E25011}.Debug|Any CPU.Build.0 = Debug|Any CPU
		{30D33D96-1859-4A14-BCC9-A5F9F4E25011}.Release|Any CPU.ActiveCfg = Release|Any CPU
		{30D33D96-1859-4A14-BCC9-A5F9F4E25011}.Release|Any CPU.Build.0 = Release|Any CPU
	EndGlobalSection
	GlobalSection(SolutionProperties) = preSolution
		HideSolutionNode = FALSE
	EndGlobalSection
	GlobalSection(ExtensibilityGlobals) = postSolution
		SolutionGuid = {DA237426-2F46-4278-818C-AC0004C4EEEE}
	EndGlobalSection
EndGlobal
